
Microsoft Visual Studio Solution File, Format Version 12.00
# Visual Studio Version 17
VisualStudioVersion = 17.5.2.0
MinimumVisualStudioVersion = 10.0.40219.1
Project("{FAE04EC0-301F-11D3-BF4B-00C04F79EFBC}") = "NetworkAnalyzer", "NetworkAnalyzer\NetworkAnalyzer.csproj", "{BB0C7D6A-DC26-7249-9C0F-9369AEB624B1}"
EndProject
Project("{FAE04EC0-301F-11D3-BF4B-00C04F79EFBC}") = "WpfHttpApp", "WpfHttpApp\WpfHttpApp.csproj", "{1997A03C-D453-3A10-D8E4-35B9B5A33F45}"
EndProject
Project("{2150E333-8FDC-42A3-9474-1A3956D46DE8}") = "WpfHttpApp (1)", "WpfHttpApp (1)", "{C00C2E48-94F9-C6E3-0EAF-A8EFE3AEF318}"
EndProject
Project("{FAE04EC0-301F-11D3-BF4B-00C04F79EFBC}") = "WpfHttpApp", "WpfHttpApp\WpfHttpApp\WpfHttpApp.csproj", "{7895F547-25A1-5F79-5DE3-4830225CE5FC}"
EndProject
Project("{FAE04EC0-301F-11D3-BF4B-00C04F79EFBC}") = "ProductionManagement", "ProductionManagement\ProductionManagement.csproj", "{9136F0C3-E4B4-4E4B-96AC-AEC6F31207A7}"
EndProject
Project("{2150E333-8FDC-42A3-9474-1A3956D46DE8}") = "CorporateSystem", "CorporateSystem", "{BDAF2E17-95F8-9D79-9817-9D860E927004}"
EndProject
Project("{FAE04EC0-301F-11D3-BF4B-00C04F79EFBC}") = "CorporateSystem", "CorporateSystem\CorporateSystem\CorporateSystem.csproj", "{A0E24D8E-13D7-4640-A5BC-1ECDEF323D6D}"
EndProject
Project("{FAE04EC0-301F-11D3-BF4B-00C04F79EFBC}") = "CorporateSystem.Client", "CorporateSystem\CorporateSystem.Client\CorporateSystem.Client.csproj", "{C08A383C-11EB-4BD0-892F-2441D30150AA}"
EndProject
Project("{FAE04EC0-301F-11D3-BF4B-00C04F79EFBC}") = "CorporateSystem.Shared", "CorporateSystem\CorporateSystem.Shared\CorporateSystem.Shared.csproj", "{2C015593-11B0-4C5B-899C-E7FEC19EE15D}"
EndProject
Project("{FAE04EC0-301F-11D3-BF4B-00C04F79EFBC}") = "CorporateSystem.Tests", "CorporateSystem\CorporateSystem.Tests\CorporateSystem.Tests.csproj", "{348EBD1D-49D9-4064-8D30-C185604FDB90}"
EndProject
Global
	GlobalSection(SolutionConfigurationPlatforms) = preSolution
		Debug|Any CPU = Debug|Any CPU
		Debug|x64 = Debug|x64
		Debug|x86 = Debug|x86
		Release|Any CPU = Release|Any CPU
		Release|x64 = Release|x64
		Release|x86 = Release|x86
	EndGlobalSection
	GlobalSection(ProjectConfigurationPlatforms) = postSolution
		{BB0C7D6A-DC26-7249-9C0F-9369AEB624B1}.Debug|Any CPU.ActiveCfg = Debug|Any CPU
		{BB0C7D6A-DC26-7249-9C0F-9369AEB624B1}.Debug|Any CPU.Build.0 = Debug|Any CPU
		{BB0C7D6A-DC26-7249-9C0F-9369AEB624B1}.Debug|x64.ActiveCfg = Debug|Any CPU
		{BB0C7D6A-DC26-7249-9C0F-9369AEB624B1}.Debug|x64.Build.0 = Debug|Any CPU
		{BB0C7D6A-DC26-7249-9C0F-9369AEB624B1}.Debug|x86.ActiveCfg = Debug|Any CPU
		{BB0C7D6A-DC26-7249-9C0F-9369AEB624B1}.Debug|x86.Build.0 = Debug|Any CPU
		{BB0C7D6A-DC26-7249-9C0F-9369AEB624B1}.Release|Any CPU.ActiveCfg = Release|Any CPU
		{BB0C7D6A-DC26-7249-9C0F-9369AEB624B1}.Release|Any CPU.Build.0 = Release|Any CPU
		{BB0C7D6A-DC26-7249-9C0F-9369AEB624B1}.Release|x64.ActiveCfg = Release|Any CPU
		{BB0C7D6A-DC26-7249-9C0F-9369AEB624B1}.Release|x64.Build.0 = Release|Any CPU
		{BB0C7D6A-DC26-7249-9C0F-9369AEB624B1}.Release|x86.ActiveCfg = Release|Any CPU
		{BB0C7D6A-DC26-7249-9C0F-9369AEB624B1}.Release|x86.Build.0 = Release|Any CPU
		{1997A03C-D453-3A10-D8E4-35B9B5A33F45}.Debug|Any CPU.ActiveCfg = Debug|Any CPU
		{1997A03C-D453-3A10-D8E4-35B9B5A33F45}.Debug|Any CPU.Build.0 = Debug|Any CPU
		{1997A03C-D453-3A10-D8E4-35B9B5A33F45}.Debug|x64.ActiveCfg = Debug|Any CPU
		{1997A03C-D453-3A10-D8E4-35B9B5A33F45}.Debug|x64.Build.0 = Debug|Any CPU
		{1997A03C-D453-3A10-D8E4-35B9B5A33F45}.Debug|x86.ActiveCfg = Debug|Any CPU
		{1997A03C-D453-3A10-D8E4-35B9B5A33F45}.Debug|x86.Build.0 = Debug|Any CPU
		{1997A03C-D453-3A10-D8E4-35B9B5A33F45}.Release|Any CPU.ActiveCfg = Release|Any CPU
		{1997A03C-D453-3A10-D8E4-35B9B5A33F45}.Release|Any CPU.Build.0 = Release|Any CPU
		{1997A03C-D453-3A10-D8E4-35B9B5A33F45}.Release|x64.ActiveCfg = Release|Any CPU
		{1997A03C-D453-3A10-D8E4-35B9B5A33F45}.Release|x64.Build.0 = Release|Any CPU
		{1997A03C-D453-3A10-D8E4-35B9B5A33F45}.Release|x86.ActiveCfg = Release|Any CPU
		{1997A03C-D453-3A10-D8E4-35B9B5A33F45}.Release|x86.Build.0 = Release|Any CPU
		{7895F547-25A1-5F79-5DE3-4830225CE5FC}.Debug|Any CPU.ActiveCfg = Debug|Any CPU
		{7895F547-25A1-5F79-5DE3-4830225CE5FC}.Debug|Any CPU.Build.0 = Debug|Any CPU
		{7895F547-25A1-5F79-5DE3-4830225CE5FC}.Debug|x64.ActiveCfg = Debug|Any CPU
		{7895F547-25A1-5F79-5DE3-4830225CE5FC}.Debug|x64.Build.0 = Debug|Any CPU
		{7895F547-25A1-5F79-5DE3-4830225CE5FC}.Debug|x86.ActiveCfg = Debug|Any CPU
		{7895F547-25A1-5F79-5DE3-4830225CE5FC}.Debug|x86.Build.0 = Debug|Any CPU
		{7895F547-25A1-5F79-5DE3-4830225CE5FC}.Release|Any CPU.ActiveCfg = Release|Any CPU
		{7895F547-25A1-5F79-5DE3-4830225CE5FC}.Release|Any CPU.Build.0 = Release|Any CPU
		{7895F547-25A1-5F79-5DE3-4830225CE5FC}.Release|x64.ActiveCfg = Release|Any CPU
		{7895F547-25A1-5F79-5DE3-4830225CE5FC}.Release|x64.Build.0 = Release|Any CPU
		{7895F547-25A1-5F79-5DE3-4830225CE5FC}.Release|x86.ActiveCfg = Release|Any CPU
		{7895F547-25A1-5F79-5DE3-4830225CE5FC}.Release|x86.Build.0 = Release|Any CPU
		{9136F0C3-E4B4-4E4B-96AC-AEC6F31207A7}.Debug|Any CPU.ActiveCfg = Debug|Any CPU
		{9136F0C3-E4B4-4E4B-96AC-AEC6F31207A7}.Debug|Any CPU.Build.0 = Debug|Any CPU
		{9136F0C3-E4B4-4E4B-96AC-AEC6F31207A7}.Debug|x64.ActiveCfg = Debug|Any CPU
		{9136F0C3-E4B4-4E4B-96AC-AEC6F31207A7}.Debug|x64.Build.0 = Debug|Any CPU
		{9136F0C3-E4B4-4E4B-96AC-AEC6F31207A7}.Debug|x86.ActiveCfg = Debug|Any CPU
		{9136F0C3-E4B4-4E4B-96AC-AEC6F31207A7}.Debug|x86.Build.0 = Debug|Any CPU
		{9136F0C3-E4B4-4E4B-96AC-AEC6F31207A7}.Release|Any CPU.ActiveCfg = Release|Any CPU
		{9136F0C3-E4B4-4E4B-96AC-AEC6F31207A7}.Release|Any CPU.Build.0 = Release|Any CPU
		{9136F0C3-E4B4-4E4B-96AC-AEC6F31207A7}.Release|x64.ActiveCfg = Release|Any CPU
		{9136F0C3-E4B4-4E4B-96AC-AEC6F31207A7}.Release|x64.Build.0 = Release|Any CPU
		{9136F0C3-E4B4-4E4B-96AC-AEC6F31207A7}.Release|x86.ActiveCfg = Release|Any CPU
		{9136F0C3-E4B4-4E4B-96AC-AEC6F31207A7}.Release|x86.Build.0 = Release|Any CPU
		{A0E24D8E-13D7-4640-A5BC-1ECDEF323D6D}.Debug|Any CPU.ActiveCfg = Debug|Any CPU
		{A0E24D8E-13D7-4640-A5BC-1ECDEF323D6D}.Debug|Any CPU.Build.0 = Debug|Any CPU
		{A0E24D8E-13D7-4640-A5BC-1ECDEF323D6D}.Debug|x64.ActiveCfg = Debug|Any CPU
		{A0E24D8E-13D7-4640-A5BC-1ECDEF323D6D}.Debug|x64.Build.0 = Debug|Any CPU
		{A0E24D8E-13D7-4640-A5BC-1ECDEF323D6D}.Debug|x86.ActiveCfg = Debug|Any CPU
		{A0E24D8E-13D7-4640-A5BC-1ECDEF323D6D}.Debug|x86.Build.0 = Debug|Any CPU
		{A0E24D8E-13D7-4640-A5BC-1ECDEF323D6D}.Release|Any CPU.ActiveCfg = Release|Any CPU
		{A0E24D8E-13D7-4640-A5BC-1ECDEF323D6D}.Release|Any CPU.Build.0 = Release|Any CPU
		{A0E24D8E-13D7-4640-A5BC-1ECDEF323D6D}.Release|x64.ActiveCfg = Release|Any CPU
		{A0E24D8E-13D7-4640-A5BC-1ECDEF323D6D}.Release|x64.Build.0 = Release|Any CPU
		{A0E24D8E-13D7-4640-A5BC-1ECDEF323D6D}.Release|x86.ActiveCfg = Release|Any CPU
		{A0E24D8E-13D7-4640-A5BC-1ECDEF323D6D}.Release|x86.Build.0 = Release|Any CPU
		{C08A383C-11EB-4BD0-892F-2441D30150AA}.Debug|Any CPU.ActiveCfg = Debug|Any CPU
		{C08A383C-11EB-4BD0-892F-2441D30150AA}.Debug|Any CPU.Build.0 = Debug|Any CPU
		{C08A383C-11EB-4BD0-892F-2441D30150AA}.Debug|x64.ActiveCfg = Debug|Any CPU
		{C08A383C-11EB-4BD0-892F-2441D30150AA}.Debug|x64.Build.0 = Debug|Any CPU
		{C08A383C-11EB-4BD0-892F-2441D30150AA}.Debug|x86.ActiveCfg = Debug|Any CPU
		{C08A383C-11EB-4BD0-892F-2441D30150AA}.Debug|x86.Build.0 = Debug|Any CPU
		{C08A383C-11EB-4BD0-892F-2441D30150AA}.Release|Any CPU.ActiveCfg = Release|Any CPU
		{C08A383C-11EB-4BD0-892F-2441D30150AA}.Release|Any CPU.Build.0 = Release|Any CPU
		{C08A383C-11EB-4BD0-892F-2441D30150AA}.Release|x64.ActiveCfg = Release|Any CPU
		{C08A383C-11EB-4BD0-892F-2441D30150AA}.Release|x64.Build.0 = Release|Any CPU
		{C08A383C-11EB-4BD0-892F-2441D30150AA}.Release|x86.ActiveCfg = Release|Any CPU
		{C08A383C-11EB-4BD0-892F-2441D30150AA}.Release|x86.Build.0 = Release|Any CPU
		{2C015593-11B0-4C5B-899C-E7FEC19EE15D}.Debug|Any CPU.ActiveCfg = Debug|Any CPU
		{2C015593-11B0-4C5B-899C-E7FEC19EE15D}.Debug|Any CPU.Build.0 = Debug|Any CPU
		{2C015593-11B0-4C5B-899C-E7FEC19EE15D}.Debug|x64.ActiveCfg = Debug|Any CPU
		{2C015593-11B0-4C5B-899C-E7FEC19EE15D}.Debug|x64.Build.0 = Debug|Any CPU
		{2C015593-11B0-4C5B-899C-E7FEC19EE15D}.Debug|x86.ActiveCfg = Debug|Any CPU
		{2C015593-11B0-4C5B-899C-E7FEC19EE15D}.Debug|x86.Build.0 = Debug|Any CPU
		{2C015593-11B0-4C5B-899C-E7FEC19EE15D}.Release|Any CPU.ActiveCfg = Release|Any CPU
		{2C015593-11B0-4C5B-899C-E7FEC19EE15D}.Release|Any CPU.Build.0 = Release|Any CPU
		{2C015593-11B0-4C5B-899C-E7FEC19EE15D}.Release|x64.ActiveCfg = Release|Any CPU
		{2C015593-11B0-4C5B-899C-E7FEC19EE15D}.Release|x64.Build.0 = Release|Any CPU
		{2C015593-11B0-4C5B-899C-E7FEC19EE15D}.Release|x86.ActiveCfg = Release|Any CPU
		{2C015593-11B0-4C5B-899C-E7FEC19EE15D}.Release|x86.Build.0 = Release|Any CPU
		{348EBD1D-49D9-4064-8D30-C185604FDB90}.Debug|Any CPU.ActiveCfg = Debug|Any CPU
		{348EBD1D-49D9-4064-8D30-C185604FDB90}.Debug|Any CPU.Build.0 = Debug|Any CPU
		{348EBD1D-49D9-4064-8D30-C185604FDB90}.Debug|x64.ActiveCfg = Debug|Any CPU
		{348EBD1D-49D9-4064-8D30-C185604FDB90}.Debug|x64.Build.0 = Debug|Any CPU
		{348EBD1D-49D9-4064-8D30-C185604FDB90}.Debug|x86.ActiveCfg = Debug|Any CPU
		{348EBD1D-49D9-4064-8D30-C185604FDB90}.Debug|x86.Build.0 = Debug|Any CPU
		{348EBD1D-49D9-4064-8D30-C185604FDB90}.Release|Any CPU.ActiveCfg = Release|Any CPU
		{348EBD1D-49D9-4064-8D30-C185604FDB90}.Release|Any CPU.Build.0 = Release|Any CPU
		{348EBD1D-49D9-4064-8D30-C185604FDB90}.Release|x64.ActiveCfg = Release|Any CPU
		{348EBD1D-49D9-4064-8D30-C185604FDB90}.Release|x64.Build.0 = Release|Any CPU
		{348EBD1D-49D9-4064-8D30-C185604FDB90}.Release|x86.ActiveCfg = Release|Any CPU
		{348EBD1D-49D9-4064-8D30-C185604FDB90}.Release|x86.Build.0 = Release|Any CPU
	EndGlobalSection
	GlobalSection(SolutionProperties) = preSolution
		HideSolutionNode = FALSE
	EndGlobalSection
	GlobalSection(NestedProjects) = preSolution
		{7895F547-25A1-5F79-5DE3-4830225CE5FC} = {C00C2E48-94F9-C6E3-0EAF-A8EFE3AEF318}
		{A0E24D8E-13D7-4640-A5BC-1ECDEF323D6D} = {BDAF2E17-95F8-9D79-9817-9D860E927004}
		{C08A383C-11EB-4BD0-892F-2441D30150AA} = {BDAF2E17-95F8-9D79-9817-9D860E927004}
		{2C015593-11B0-4C5B-899C-E7FEC19EE15D} = {BDAF2E17-95F8-9D79-9817-9D860E927004}
		{348EBD1D-49D9-4064-8D30-C185604FDB90} = {BDAF2E17-95F8-9D79-9817-9D860E927004}
	EndGlobalSection
	GlobalSection(ExtensibilityGlobals) = postSolution
		SolutionGuid = {9FDF6474-27BF-4675-8B8C-32F178917A9B}
	EndGlobalSection
EndGlobal
